
Microsoft Visual Studio Solution File, Format Version 12.00
# Visual Studio Version 17
VisualStudioVersion = 17.9.34723.18
MinimumVisualStudioVersion = 10.0.40219.1
Project("{FAE04EC0-301F-11D3-BF4B-00C04F79EFBC}") = "0409_S2_Les_boucles", "0409_S2_Les_boucles.csproj", "{39C0FC98-9A11-4CB3-B9F3-1AFFEA28EA41}"
EndProject
Global
	GlobalSection(SolutionConfigurationPlatforms) = preSolution
		Debug|Any CPU = Debug|Any CPU
		Release|Any CPU = Release|Any CPU
	EndGlobalSection
	GlobalSection(ProjectConfigurationPlatforms) = postSolution
		{39C0FC98-9A11-4CB3-B9F3-1AFFEA28EA41}.Debug|Any CPU.ActiveCfg = Debug|Any CPU
		{39C0FC98-9A11-4CB3-B9F3-1AFFEA28EA41}.Debug|Any CPU.Build.0 = Debug|Any CPU
		{39C0FC98-9A11-4CB3-B9F3-1AFFEA28EA41}.Release|Any CPU.ActiveCfg = Release|Any CPU
		{39C0FC98-9A11-4CB3-B9F3-1AFFEA28EA41}.Release|Any CPU.Build.0 = Release|Any CPU
	EndGlobalSection
	GlobalSection(SolutionProperties) = preSolution
		HideSolutionNode = FALSE
	EndGlobalSection
	GlobalSection(ExtensibilityGlobals) = postSolution
		SolutionGuid = {C6436489-2D74-4C4F-884B-1377872ECD6B}
	EndGlobalSection
EndGlobal
